
Microsoft Visual Studio Solution File, Format Version 12.00
# Visual Studio Version 16
VisualStudioVersion = 16.0.31515.178
MinimumVisualStudioVersion = 10.0.40219.1
Project("{FAE04EC0-301F-11D3-BF4B-00C04F79EFBC}") = "ProductReviews", "ProductReviews.csproj", "{DF1878B5-2610-4698-8E8F-F99CBF440F88}"
EndProject
Global
	GlobalSection(SolutionConfigurationPlatforms) = preSolution
		Debug|Any CPU = Debug|Any CPU
		Release|Any CPU = Release|Any CPU
	EndGlobalSection
	GlobalSection(ProjectConfigurationPlatforms) = postSolution
		{DF1878B5-2610-4698-8E8F-F99CBF440F88}.Debug|Any CPU.ActiveCfg = Debug|Any CPU
		{DF1878B5-2610-4698-8E8F-F99CBF440F88}.Debug|Any CPU.Build.0 = Debug|Any CPU
		{DF1878B5-2610-4698-8E8F-F99CBF440F88}.Release|Any CPU.ActiveCfg = Release|Any CPU
		{DF1878B5-2610-4698-8E8F-F99CBF440F88}.Release|Any CPU.Build.0 = Release|Any CPU
	EndGlobalSection
	GlobalSection(SolutionProperties) = preSolution
		HideSolutionNode = FALSE
	EndGlobalSection
	GlobalSection(ExtensibilityGlobals) = postSolution
		SolutionGuid = {C933023A-BD71-44BC-8208-8DDF897AC3E7}
	EndGlobalSection
EndGlobal
